
Microsoft Visual Studio Solution File, Format Version 12.00
# Visual Studio Version 16
VisualStudioVersion = 16.0.31005.135
MinimumVisualStudioVersion = 10.0.40219.1
Project("{FAE04EC0-301F-11D3-BF4B-00C04F79EFBC}") = "Delimit", "Delimit.csproj", "{46065923-754D-4DCA-AEE6-DCF5F6C112DA}"
EndProject
Global
	GlobalSection(SolutionConfigurationPlatforms) = preSolution
		Debug|Any CPU = Debug|Any CPU
		Release|Any CPU = Release|Any CPU
	EndGlobalSection
	GlobalSection(ProjectConfigurationPlatforms) = postSolution
		{46065923-754D-4DCA-AEE6-DCF5F6C112DA}.Debug|Any CPU.ActiveCfg = Debug|Any CPU
		{46065923-754D-4DCA-AEE6-DCF5F6C112DA}.Debug|Any CPU.Build.0 = Debug|Any CPU
		{46065923-754D-4DCA-AEE6-DCF5F6C112DA}.Release|Any CPU.ActiveCfg = Release|Any CPU
		{46065923-754D-4DCA-AEE6-DCF5F6C112DA}.Release|Any CPU.Build.0 = Release|Any CPU
	EndGlobalSection
	GlobalSection(SolutionProperties) = preSolution
		HideSolutionNode = FALSE
	EndGlobalSection
	GlobalSection(ExtensibilityGlobals) = postSolution
		SolutionGuid = {E06E9A89-9EEC-44E7-A4BF-E33A0286BFED}
	EndGlobalSection
EndGlobal
