
Microsoft Visual Studio Solution File, Format Version 12.00
# Visual Studio Version 16
VisualStudioVersion = 16.0.31005.135
MinimumVisualStudioVersion = 10.0.40219.1
Project("{FAE04EC0-301F-11D3-BF4B-00C04F79EFBC}") = "BankAccount", "BankAccount.csproj", "{CD99AA50-308A-4E4D-8249-C80BBB146EFB}"
EndProject
Global
	GlobalSection(SolutionConfigurationPlatforms) = preSolution
		Debug|Any CPU = Debug|Any CPU
		Release|Any CPU = Release|Any CPU
	EndGlobalSection
	GlobalSection(ProjectConfigurationPlatforms) = postSolution
		{CD99AA50-308A-4E4D-8249-C80BBB146EFB}.Debug|Any CPU.ActiveCfg = Debug|Any CPU
		{CD99AA50-308A-4E4D-8249-C80BBB146EFB}.Debug|Any CPU.Build.0 = Debug|Any CPU
		{CD99AA50-308A-4E4D-8249-C80BBB146EFB}.Release|Any CPU.ActiveCfg = Release|Any CPU
		{CD99AA50-308A-4E4D-8249-C80BBB146EFB}.Release|Any CPU.Build.0 = Release|Any CPU
	EndGlobalSection
	GlobalSection(SolutionProperties) = preSolution
		HideSolutionNode = FALSE
	EndGlobalSection
	GlobalSection(ExtensibilityGlobals) = postSolution
		SolutionGuid = {B90DD24A-EBC8-48DE-BA0E-1B876DCB6FA2}
	EndGlobalSection
EndGlobal
