
Microsoft Visual Studio Solution File, Format Version 12.00
# Visual Studio Version 16
VisualStudioVersion = 16.0.30907.101
MinimumVisualStudioVersion = 10.0.40219.1
Project("{FAE04EC0-301F-11D3-BF4B-00C04F79EFBC}") = "Ex4.5", "Ex4.5.csproj", "{A5A5639F-62E3-497C-BA78-22E12044980B}"
EndProject
Global
	GlobalSection(SolutionConfigurationPlatforms) = preSolution
		Debug|Any CPU = Debug|Any CPU
		Release|Any CPU = Release|Any CPU
	EndGlobalSection
	GlobalSection(ProjectConfigurationPlatforms) = postSolution
		{A5A5639F-62E3-497C-BA78-22E12044980B}.Debug|Any CPU.ActiveCfg = Debug|Any CPU
		{A5A5639F-62E3-497C-BA78-22E12044980B}.Debug|Any CPU.Build.0 = Debug|Any CPU
		{A5A5639F-62E3-497C-BA78-22E12044980B}.Release|Any CPU.ActiveCfg = Release|Any CPU
		{A5A5639F-62E3-497C-BA78-22E12044980B}.Release|Any CPU.Build.0 = Release|Any CPU
	EndGlobalSection
	GlobalSection(SolutionProperties) = preSolution
		HideSolutionNode = FALSE
	EndGlobalSection
	GlobalSection(ExtensibilityGlobals) = postSolution
		SolutionGuid = {D9E3A0B6-2981-46DD-B1F2-3FE693F5FC47}
	EndGlobalSection
EndGlobal
