
Microsoft Visual Studio Solution File, Format Version 12.00
# Visual Studio Version 16
VisualStudioVersion = 16.0.31005.135
MinimumVisualStudioVersion = 10.0.40219.1
Project("{FAE04EC0-301F-11D3-BF4B-00C04F79EFBC}") = "Midterm Exam 2", "Midterm Exam 2.csproj", "{4ED6A19E-C7EA-4B4D-825A-90654C5C219C}"
EndProject
Global
	GlobalSection(SolutionConfigurationPlatforms) = preSolution
		Debug|Any CPU = Debug|Any CPU
		Release|Any CPU = Release|Any CPU
	EndGlobalSection
	GlobalSection(ProjectConfigurationPlatforms) = postSolution
		{4ED6A19E-C7EA-4B4D-825A-90654C5C219C}.Debug|Any CPU.ActiveCfg = Debug|Any CPU
		{4ED6A19E-C7EA-4B4D-825A-90654C5C219C}.Debug|Any CPU.Build.0 = Debug|Any CPU
		{4ED6A19E-C7EA-4B4D-825A-90654C5C219C}.Release|Any CPU.ActiveCfg = Release|Any CPU
		{4ED6A19E-C7EA-4B4D-825A-90654C5C219C}.Release|Any CPU.Build.0 = Release|Any CPU
	EndGlobalSection
	GlobalSection(SolutionProperties) = preSolution
		HideSolutionNode = FALSE
	EndGlobalSection
	GlobalSection(ExtensibilityGlobals) = postSolution
		SolutionGuid = {1F98DAB9-F975-46F9-91B5-F3FE8A6F5BA5}
	EndGlobalSection
EndGlobal
